// !$*UTF8*$!
{
	archiveVersion = 1;
	classes = {
	};
	objectVersion = 46;
	objects = {

/* Begin PBXBuildFile section */
		4578DAA21D1B71B700252241 /* main.m in Sources */ = {isa = PBXBuildFile; fileRef = 4578DAA11D1B71B700252241 /* main.m */; };
		4578DAAA1D1B721D00252241 /* NSObject+AssociatedObject.m in Sources */ = {isa = PBXBuildFile; fileRef = 4578DAA91D1B721D00252241 /* NSObject+AssociatedObject.m */; };
/* End PBXBuildFile section */

/* Begin PBXCopyFilesBuildPhase section */
		4578DA9C1D1B71B600252241 /* CopyFiles */ = {
			isa = PBXCopyFilesBuildPhase;
			buildActionMask = 2147483647;
			dstPath = /usr/share/man/man1/;
			dstSubfolderSpec = 0;
			files = (
			);
			runOnlyForDeploymentPostprocessing = 1;
		};
/* End PBXCopyFilesBuildPhase section */

/* Begin PBXFileReference section */
		4578DA9E1D1B71B600252241 /* AssociatedObject-ObjC */ = {isa = PBXFileReference; explicitFileType = "compiled.mach-o.executable"; includeInIndex = 0; path = "AssociatedObject-ObjC"; sourceTree = BUILT_PRODUCTS_DIR; };
		4578DAA11D1B71B700252241 /* main.m */ = {isa = PBXFileReference; lastKnownFileType = sourcecode.c.objc; path = main.m; sourceTree = "<group>"; };
		4578DAA81D1B721D00252241 /* NSObject+AssociatedObject.h */ = {isa = PBXFileReference; fileEncoding = 4; lastKnownFileType = sourcecode.c.h; path = "NSObject+AssociatedObject.h"; sourceTree = "<group>"; };
		4578DAA91D1B721D00252241 /* NSObject+AssociatedObject.m */ = {isa = PBXFileReference; fileEncoding = 4; lastKnownFileType = sourcecode.c.objc; path = "NSObject+AssociatedObject.m"; sourceTree = "<group>"; };
/* End PBXFileReference section */

/* Begin PBXFrameworksBuildPhase section */
		4578DA9B1D1B71B600252241 /* Frameworks */ = {
			isa = PBXFrameworksBuildPhase;
			buildActionMask = 2147483647;
			files = (
			);
			runOnlyForDeploymentPostprocessing = 0;
		};
/* End PBXFrameworksBuildPhase section */

/* Begin PBXGroup section */
		4578DA951D1B71B600252241 = {
			isa = PBXGroup;
			children = (
				4578DAA01D1B71B600252241 /* AssociatedObject-ObjC */,
				4578DA9F1D1B71B600252241 /* Products */,
			);
			sourceTree = "<group>";
		};
		4578DA9F1D1B71B600252241 /* Products */ = {
			isa = PBXGroup;
			children = (
				4578DA9E1D1B71B600252241 /* AssociatedObject-ObjC */,
			);
			name = Products;
			sourceTree = "<group>";
		};
		4578DAA01D1B71B600252241 /* AssociatedObject-ObjC */ = {
			isa = PBXGroup;
			children = (
				4578DAA11D1B71B700252241 /* main.m */,
				4578DAA81D1B721D00252241 /* NSObject+AssociatedObject.h */,
				4578DAA91D1B721D00252241 /* NSObject+AssociatedObject.m */,
			);
			path = "AssociatedObject-ObjC";
			sourceTree = "<group>";
		};
/* End PBXGroup section */

/* Begin PBXNativeTarget section */
		4578DA9D1D1B71B600252241 /* AssociatedObject-ObjC */ = {
			isa = PBXNativeTarget;
			buildConfigurationList = 4578DAA51D1B71B700252241 /* Build configuration list for PBXNativeTarget "AssociatedObject-ObjC" */;
			buildPhases = (
				4578DA9A1D1B71B600252241 /* Sources */,
				4578DA9B1D1B71B600252241 /* Frameworks */,
				4578DA9C1D1B71B600252241 /* CopyFiles */,
			);
			buildRules = (
			);
			dependencies = (
			);
			name = "AssociatedObject-ObjC";
			productName = "AssociatedObject-ObjC";
			productReference = 4578DA9E1D1B71B600252241 /* AssociatedObject-ObjC */;
			productType = "com.apple.product-type.tool";
		};
/* End PBXNativeTarget section */

/* Begin PBXProject section */
		4578DA961D1B71B600252241 /* Project object */ = {
			isa = PBXProject;
			attributes = {
				LastUpgradeCheck = 0720;
				ORGANIZATIONNAME = "PF-Lib";
				TargetAttributes = {
					4578DA9D1D1B71B600252241 = {
						CreatedOnToolsVersion = 7.2.1;
					};
				};
			};
			buildConfigurationList = 4578DA991D1B71B600252241 /* Build configuration list for PBXProject "AssociatedObject-ObjC" */;
			compatibilityVersion = "Xcode 3.2";
			developmentRegion = English;
			hasScannedForEncodings = 0;
			knownRegions = (
				en,
			);
			mainGroup = 4578DA951D1B71B600252241;
			productRefGroup = 4578DA9F1D1B71B600252241 /* Products */;
			projectDirPath = "";
			projectRoot = "";
			targets = (
				4578DA9D1D1B71B600252241 /* AssociatedObject-ObjC */,
			);
		};
/* End PBXProject section */

/* Begin PBXSourcesBuildPhase section */
		4578DA9A1D1B71B600252241 /* Sources */ = {
			isa = PBXSourcesBuildPhase;
			buildActionMask = 2147483647;
			files = (
				4578DAAA1D1B721D00252241 /* NSObject+AssociatedObject.m in Sources */,
				4578DAA21D1B71B700252241 /* main.m in Sources */,
			);
			runOnlyForDeploymentPostprocessing = 0;
		};
/* End PBXSourcesBuildPhase section */

/* Begin XCBuildConfiguration section */
		4578DAA31D1B71B700252241 /* Debug */ = {
			isa = XCBuildConfiguration;
			buildSettings = {
				ALWAYS_SEARCH_USER_PATHS = NO;
				CLANG_CXX_LANGUAGE_STANDARD = "gnu++0x";
				CLANG_CXX_LIBRARY = "libc++";
				CLANG_ENABLE_MODULES = YES;
				CLANG_ENABLE_OBJC_ARC = YES;
				CLANG_WARN_BOOL_CONVERSION = YES;
				CLANG_WARN_CONSTANT_CONVERSION = YES;
				CLANG_WARN_DIRECT_OBJC_ISA_USAGE = YES_ERROR;
				CLANG_WARN_EMPTY_BODY = YES;
				CLANG_WARN_ENUM_CONVERSION = YES;
				CLANG_WARN_INT_CONVERSION = YES;
				CLANG_WARN_OBJC_ROOT_CLASS = YES_ERROR;
				CLANG_WARN_UNREACHABLE_CODE = YES;
				CLANG_WARN__DUPLICATE_METHOD_MATCH = YES;
				CODE_SIGN_IDENTITY = "-";
				COPY_PHASE_STRIP = NO;
				DEBUG_INFORMATION_FORMAT = dwarf;
				ENABLE_STRICT_OBJC_MSGSEND = YES;
				ENABLE_TESTABILITY = YES;
				GCC_C_LANGUAGE_STANDARD = gnu99;
				GCC_DYNAMIC_NO_PIC = NO;
				GCC_NO_COMMON_BLOCKS = YES;
				GCC_OPTIMIZATION_LEVEL = 0;
				GCC_PREPROCESSOR_DEFINITIONS = (
					"DEBUG=1",
					"$(inherited)",
				);
				GCC_WARN_64_TO_32_BIT_CONVERSION = YES;
				GCC_WARN_ABOUT_RETURN_TYPE = YES_ERROR;
				GCC_WARN_UNDECLARED_SELECTOR = YES;
				GCC_WARN_UNINITIALIZED_AUTOS = YES_AGGRESSIVE;
				GCC_WARN_UNUSED_FUNCTION = YES;
				GCC_WARN_UNUSED_VARIABLE = YES;
				MACOSX_DEPLOYMENT_TARGET = 10.10;
				MTL_ENABLE_DEBUG_INFO = YES;
				ONLY_ACTIVE_ARCH = YES;
				SDKROOT = macosx;
			};
			name = Debug;
		};
		4578DAA41D1B71B700252241 /* Release */ = {
			isa = XCBuildConfiguration;
			buildSettings = {
				ALWAYS_SEARCH_USER_PATHS = NO;
				CLANG_CXX_LANGUAGE_STANDARD = "gnu++0x";
				CLANG_CXX_LIBRARY = "libc++";
				CLANG_ENABLE_MODULES = YES;
				CLANG_ENABLE_OBJC_ARC = YES;
				CLANG_WARN_BOOL_CONVERSION = YES;
				CLANG_WARN_CONSTANT_CONVERSION = YES;
				CLANG_WARN_DIRECT_OBJC_ISA_USAGE = YES_ERROR;
				CLANG_WARN_EMPTY_BODY = YES;
				CLANG_WARN_ENUM_CONVERSION = YES;
				CLANG_WARN_INT_CONVERSION = YES;
				CLANG_WARN_OBJC_ROOT_CLASS = YES_ERROR;
				CLANG_WARN_UNREACHABLE_CODE = YES;
				CLANG_WARN__DUPLICATE_METHOD_MATCH = YES;
				CODE_SIGN_IDENTITY = "-";
				COPY_PHASE_STRIP = NO;
				DEBUG_INFORMATION_FORMAT = "dwarf-with-dsym";
				ENABLE_NS_ASSERTIONS = NO;
				ENABLE_STRICT_OBJC_MSGSEND = YES;
				GCC_C_LANGUAGE_STANDARD = gnu99;
				GCC_NO_COMMON_BLOCKS = YES;
				GCC_WARN_64_TO_32_BIT_CONVERSION = YES;
				GCC_WARN_ABOUT_RETURN_TYPE = YES_ERROR;
				GCC_WARN_UNDECLARED_SELECTOR = YES;
				GCC_WARN_UNINITIALIZED_AUTOS = YES_AGGRESSIVE;
				GCC_WARN_UNUSED_FUNCTION = YES;
				GCC_WARN_UNUSED_VARIABLE = YES;
				MACOSX_DEPLOYMENT_TARGET = 10.10;
				MTL_ENABLE_DEBUG_INFO = NO;
				SDKROOT = macosx;
			};
			name = Release;
		};
		4578DAA61D1B71B700252241 /* Debug */ = {
			isa = XCBuildConfiguration;
			buildSettings = {
				PRODUCT_NAME = "$(TARGET_NAME)";
			};
			name = Debug;
		};
		4578DAA71D1B71B700252241 /* Release */ = {
			isa = XCBuildConfiguration;
			buildSettings = {
				PRODUCT_NAME = "$(TARGET_NAME)";
			};
			name = Release;
		};
/* End XCBuildConfiguration section */

/* Begin XCConfigurationList section */
		4578DA991D1B71B600252241 /* Build configuration list for PBXProject "AssociatedObject-ObjC" */ = {
			isa = XCConfigurationList;
			buildConfigurations = (
				4578DAA31D1B71B700252241 /* Debug */,
				4578DAA41D1B71B700252241 /* Release */,
			);
			defaultConfigurationIsVisible = 0;
			defaultConfigurationName = Release;
		};
		4578DAA51D1B71B700252241 /* Build configuration list for PBXNativeTarget "AssociatedObject-ObjC" */ = {
			isa = XCConfigurationList;
			buildConfigurations = (
				4578DAA61D1B71B700252241 /* Debug */,
				4578DAA71D1B71B700252241 /* Release */,
			);
			defaultConfigurationIsVisible = 0;
		};
/* End XCConfigurationList section */
	};
	rootObject = 4578DA961D1B71B600252241 /* Project object */;
}
